
Microsoft Visual Studio Solution File, Format Version 12.00
# Visual Studio Version 16
VisualStudioVersion = 16.0.34601.136
MinimumVisualStudioVersion = 10.0.40219.1
Project("{FAE04EC0-301F-11D3-BF4B-00C04F79EFBC}") = "SQLiteTest", "SQLiteTest\SQLiteTest.csproj", "{C0218C4A-EF0E-42B0-B258-3490CA293178}"
EndProject
Global
	GlobalSection(SolutionConfigurationPlatforms) = preSolution
		Debug|Any CPU = Debug|Any CPU
		Release|Any CPU = Release|Any CPU
	EndGlobalSection
	GlobalSection(ProjectConfigurationPlatforms) = postSolution
		{C0218C4A-EF0E-42B0-B258-3490CA293178}.Debug|Any CPU.ActiveCfg = Debug|Any CPU
		{C0218C4A-EF0E-42B0-B258-3490CA293178}.Debug|Any CPU.Build.0 = Debug|Any CPU
		{C0218C4A-EF0E-42B0-B258-3490CA293178}.Release|Any CPU.ActiveCfg = Release|Any CPU
		{C0218C4A-EF0E-42B0-B258-3490CA293178}.Release|Any CPU.Build.0 = Release|Any CPU
	EndGlobalSection
	GlobalSection(SolutionProperties) = preSolution
		HideSolutionNode = FALSE
	EndGlobalSection
	GlobalSection(ExtensibilityGlobals) = postSolution
		SolutionGuid = {F2FB4875-BD07-4ED5-835A-17C4E10F55C7}
	EndGlobalSection
EndGlobal
